// !$*UTF8*$!
{
	archiveVersion = 1;
	classes = {
	};
	objectVersion = 50;
	objects = {

/* Begin PBXBuildFile section */
		58EC4D9DD9E40BE26101188C /* Pods_Finance_App.framework in Frameworks */ = {isa = PBXBuildFile; fileRef = 04818E6807F3CE00B8748276 /* Pods_Finance_App.framework */; };
		C0408DA426B2F25300FE599F /* AppDelegate.swift in Sources */ = {isa = PBXBuildFile; fileRef = C0408DA326B2F25300FE599F /* AppDelegate.swift */; };
		C0408DA626B2F25300FE599F /* SceneDelegate.swift in Sources */ = {isa = PBXBuildFile; fileRef = C0408DA526B2F25300FE599F /* SceneDelegate.swift */; };
		C0408DA826B2F25300FE599F /* TransactionViewController.swift in Sources */ = {isa = PBXBuildFile; fileRef = C0408DA726B2F25300FE599F /* TransactionViewController.swift */; };
		C0408DAB26B2F25300FE599F /* Main.storyboard in Resources */ = {isa = PBXBuildFile; fileRef = C0408DA926B2F25300FE599F /* Main.storyboard */; };
		C0408DAE26B2F25300FE599F /* Finance_App.xcdatamodeld in Sources */ = {isa = PBXBuildFile; fileRef = C0408DAC26B2F25300FE599F /* Finance_App.xcdatamodeld */; };
		C0408DB026B2F25500FE599F /* Assets.xcassets in Resources */ = {isa = PBXBuildFile; fileRef = C0408DAF26B2F25500FE599F /* Assets.xcassets */; };
		C0408DB326B2F25500FE599F /* LaunchScreen.storyboard in Resources */ = {isa = PBXBuildFile; fileRef = C0408DB126B2F25500FE599F /* LaunchScreen.storyboard */; };
		C0408DBB26B2F8B200FE599F /* TransactionTableViewCell.swift in Sources */ = {isa = PBXBuildFile; fileRef = C0408DBA26B2F8B200FE599F /* TransactionTableViewCell.swift */; };
		C0408DBF26B30D2300FE599F /* TransactionData.swift in Sources */ = {isa = PBXBuildFile; fileRef = C0408DBE26B30D2300FE599F /* TransactionData.swift */; };
		C0408DC226B30ED100FE599F /* TransactionManager.swift in Sources */ = {isa = PBXBuildFile; fileRef = C0408DC126B30ED100FE599F /* TransactionManager.swift */; };
		C0408DC426B318D900FE599F /* TransactionModel.swift in Sources */ = {isa = PBXBuildFile; fileRef = C0408DC326B318D900FE599F /* TransactionModel.swift */; };
		C0408DC626B331A300FE599F /* SelectedTransactionViewController.swift in Sources */ = {isa = PBXBuildFile; fileRef = C0408DC526B331A300FE599F /* SelectedTransactionViewController.swift */; };
/* End PBXBuildFile section */

/* Begin PBXFileReference section */
		04818E6807F3CE00B8748276 /* Pods_Finance_App.framework */ = {isa = PBXFileReference; explicitFileType = wrapper.framework; includeInIndex = 0; path = Pods_Finance_App.framework; sourceTree = BUILT_PRODUCTS_DIR; };
		A94FFBD91D5E045D584DE1B9 /* Pods-Finance App.release.xcconfig */ = {isa = PBXFileReference; includeInIndex = 1; lastKnownFileType = text.xcconfig; name = "Pods-Finance App.release.xcconfig"; path = "Target Support Files/Pods-Finance App/Pods-Finance App.release.xcconfig"; sourceTree = "<group>"; };
		C0408DA026B2F25300FE599F /* Finance App.app */ = {isa = PBXFileReference; explicitFileType = wrapper.application; includeInIndex = 0; path = "Finance App.app"; sourceTree = BUILT_PRODUCTS_DIR; };
		C0408DA326B2F25300FE599F /* AppDelegate.swift */ = {isa = PBXFileReference; lastKnownFileType = sourcecode.swift; path = AppDelegate.swift; sourceTree = "<group>"; };
		C0408DA526B2F25300FE599F /* SceneDelegate.swift */ = {isa = PBXFileReference; lastKnownFileType = sourcecode.swift; path = SceneDelegate.swift; sourceTree = "<group>"; };
		C0408DA726B2F25300FE599F /* TransactionViewController.swift */ = {isa = PBXFileReference; lastKnownFileType = sourcecode.swift; path = TransactionViewController.swift; sourceTree = "<group>"; };
		C0408DAA26B2F25300FE599F /* Base */ = {isa = PBXFileReference; lastKnownFileType = file.storyboard; name = Base; path = Base.lproj/Main.storyboard; sourceTree = "<group>"; };
		C0408DAD26B2F25300FE599F /* Finance_App.xcdatamodel */ = {isa = PBXFileReference; lastKnownFileType = wrapper.xcdatamodel; path = Finance_App.xcdatamodel; sourceTree = "<group>"; };
		C0408DAF26B2F25500FE599F /* Assets.xcassets */ = {isa = PBXFileReference; lastKnownFileType = folder.assetcatalog; path = Assets.xcassets; sourceTree = "<group>"; };
		C0408DB226B2F25500FE599F /* Base */ = {isa = PBXFileReference; lastKnownFileType = file.storyboard; name = Base; path = Base.lproj/LaunchScreen.storyboard; sourceTree = "<group>"; };
		C0408DB426B2F25500FE599F /* Info.plist */ = {isa = PBXFileReference; lastKnownFileType = text.plist.xml; path = Info.plist; sourceTree = "<group>"; };
		C0408DBA26B2F8B200FE599F /* TransactionTableViewCell.swift */ = {isa = PBXFileReference; lastKnownFileType = sourcecode.swift; path = TransactionTableViewCell.swift; sourceTree = "<group>"; };
		C0408DBE26B30D2300FE599F /* TransactionData.swift */ = {isa = PBXFileReference; lastKnownFileType = sourcecode.swift; path = TransactionData.swift; sourceTree = "<group>"; };
		C0408DC126B30ED100FE599F /* TransactionManager.swift */ = {isa = PBXFileReference; lastKnownFileType = sourcecode.swift; path = TransactionManager.swift; sourceTree = "<group>"; };
		C0408DC326B318D900FE599F /* TransactionModel.swift */ = {isa = PBXFileReference; lastKnownFileType = sourcecode.swift; path = TransactionModel.swift; sourceTree = "<group>"; };
		C0408DC526B331A300FE599F /* SelectedTransactionViewController.swift */ = {isa = PBXFileReference; lastKnownFileType = sourcecode.swift; path = SelectedTransactionViewController.swift; sourceTree = "<group>"; };
		F3E2F89F0351DD1F0106CF56 /* Pods-Finance App.debug.xcconfig */ = {isa = PBXFileReference; includeInIndex = 1; lastKnownFileType = text.xcconfig; name = "Pods-Finance App.debug.xcconfig"; path = "Target Support Files/Pods-Finance App/Pods-Finance App.debug.xcconfig"; sourceTree = "<group>"; };
/* End PBXFileReference section */

/* Begin PBXFrameworksBuildPhase section */
		C0408D9D26B2F25300FE599F /* Frameworks */ = {
			isa = PBXFrameworksBuildPhase;
			buildActionMask = 2147483647;
			files = (
				58EC4D9DD9E40BE26101188C /* Pods_Finance_App.framework in Frameworks */,
			);
			runOnlyForDeploymentPostprocessing = 0;
		};
/* End PBXFrameworksBuildPhase section */

/* Begin PBXGroup section */
		1E6D5B52FC86141E5815BAE0 /* Frameworks */ = {
			isa = PBXGroup;
			children = (
				04818E6807F3CE00B8748276 /* Pods_Finance_App.framework */,
			);
			name = Frameworks;
			sourceTree = "<group>";
		};
		C0408D9726B2F25300FE599F = {
			isa = PBXGroup;
			children = (
				C0408DA226B2F25300FE599F /* Finance App */,
				C0408DA126B2F25300FE599F /* Products */,
				FF8559C3CCA8587C947CC3BF /* Pods */,
				1E6D5B52FC86141E5815BAE0 /* Frameworks */,
			);
			sourceTree = "<group>";
		};
		C0408DA126B2F25300FE599F /* Products */ = {
			isa = PBXGroup;
			children = (
				C0408DA026B2F25300FE599F /* Finance App.app */,
			);
			name = Products;
			sourceTree = "<group>";
		};
		C0408DA226B2F25300FE599F /* Finance App */ = {
			isa = PBXGroup;
			children = (
				C0408DA326B2F25300FE599F /* AppDelegate.swift */,
				C0408DA526B2F25300FE599F /* SceneDelegate.swift */,
				C0408DC026B30D2800FE599F /* Model */,
				C0408DBD26B2F93E00FE599F /* Controller */,
				C0408DBC26B2F93000FE599F /* View */,
				C0408DA926B2F25300FE599F /* Main.storyboard */,
				C0408DAF26B2F25500FE599F /* Assets.xcassets */,
				C0408DB126B2F25500FE599F /* LaunchScreen.storyboard */,
				C0408DB426B2F25500FE599F /* Info.plist */,
				C0408DAC26B2F25300FE599F /* Finance_App.xcdatamodeld */,
			);
			path = "Finance App";
			sourceTree = "<group>";
		};
		C0408DBC26B2F93000FE599F /* View */ = {
			isa = PBXGroup;
			children = (
				C0408DBA26B2F8B200FE599F /* TransactionTableViewCell.swift */,
			);
			path = View;
			sourceTree = "<group>";
		};
		C0408DBD26B2F93E00FE599F /* Controller */ = {
			isa = PBXGroup;
			children = (
				C0408DA726B2F25300FE599F /* TransactionViewController.swift */,
				C0408DC526B331A300FE599F /* SelectedTransactionViewController.swift */,
			);
			path = Controller;
			sourceTree = "<group>";
		};
		C0408DC026B30D2800FE599F /* Model */ = {
			isa = PBXGroup;
			children = (
				C0408DBE26B30D2300FE599F /* TransactionData.swift */,
				C0408DC326B318D900FE599F /* TransactionModel.swift */,
				C0408DC126B30ED100FE599F /* TransactionManager.swift */,
			);
			path = Model;
			sourceTree = "<group>";
		};
		FF8559C3CCA8587C947CC3BF /* Pods */ = {
			isa = PBXGroup;
			children = (
				F3E2F89F0351DD1F0106CF56 /* Pods-Finance App.debug.xcconfig */,
				A94FFBD91D5E045D584DE1B9 /* Pods-Finance App.release.xcconfig */,
			);
			name = Pods;
			path = Pods;
			sourceTree = "<group>";
		};
/* End PBXGroup section */

/* Begin PBXNativeTarget section */
		C0408D9F26B2F25300FE599F /* Finance App */ = {
			isa = PBXNativeTarget;
			buildConfigurationList = C0408DB726B2F25500FE599F /* Build configuration list for PBXNativeTarget "Finance App" */;
			buildPhases = (
				06DEE55E3139581270982C61 /* [CP] Check Pods Manifest.lock */,
				C0408D9C26B2F25300FE599F /* Sources */,
				C0408D9D26B2F25300FE599F /* Frameworks */,
				C0408D9E26B2F25300FE599F /* Resources */,
				E0FC523BD424C66B942DA0EE /* [CP] Embed Pods Frameworks */,
			);
			buildRules = (
			);
			dependencies = (
			);
			name = "Finance App";
			productName = "Finance App";
			productReference = C0408DA026B2F25300FE599F /* Finance App.app */;
			productType = "com.apple.product-type.application";
		};
/* End PBXNativeTarget section */

/* Begin PBXProject section */
		C0408D9826B2F25300FE599F /* Project object */ = {
			isa = PBXProject;
			attributes = {
				LastSwiftUpdateCheck = 1250;
				LastUpgradeCheck = 1250;
				TargetAttributes = {
					C0408D9F26B2F25300FE599F = {
						CreatedOnToolsVersion = 12.5;
					};
				};
			};
			buildConfigurationList = C0408D9B26B2F25300FE599F /* Build configuration list for PBXProject "Finance App" */;
			compatibilityVersion = "Xcode 9.3";
			developmentRegion = en;
			hasScannedForEncodings = 0;
			knownRegions = (
				en,
				Base,
			);
			mainGroup = C0408D9726B2F25300FE599F;
			productRefGroup = C0408DA126B2F25300FE599F /* Products */;
			projectDirPath = "";
			projectRoot = "";
			targets = (
				C0408D9F26B2F25300FE599F /* Finance App */,
			);
		};
/* End PBXProject section */

/* Begin PBXResourcesBuildPhase section */
		C0408D9E26B2F25300FE599F /* Resources */ = {
			isa = PBXResourcesBuildPhase;
			buildActionMask = 2147483647;
			files = (
				C0408DB326B2F25500FE599F /* LaunchScreen.storyboard in Resources */,
				C0408DB026B2F25500FE599F /* Assets.xcassets in Resources */,
				C0408DAB26B2F25300FE599F /* Main.storyboard in Resources */,
			);
			runOnlyForDeploymentPostprocessing = 0;
		};
/* End PBXResourcesBuildPhase section */

/* Begin PBXShellScriptBuildPhase section */
		06DEE55E3139581270982C61 /* [CP] Check Pods Manifest.lock */ = {
			isa = PBXShellScriptBuildPhase;
			buildActionMask = 2147483647;
			files = (
			);
			inputFileListPaths = (
			);
			inputPaths = (
				"${PODS_PODFILE_DIR_PATH}/Podfile.lock",
				"${PODS_ROOT}/Manifest.lock",
			);
			name = "[CP] Check Pods Manifest.lock";
			outputFileListPaths = (
			);
			outputPaths = (
				"$(DERIVED_FILE_DIR)/Pods-Finance App-checkManifestLockResult.txt",
			);
			runOnlyForDeploymentPostprocessing = 0;
			shellPath = /bin/sh;
			shellScript = "diff \"${PODS_PODFILE_DIR_PATH}/Podfile.lock\" \"${PODS_ROOT}/Manifest.lock\" > /dev/null\nif [ $? != 0 ] ; then\n    # print error to STDERR\n    echo \"error: The sandbox is not in sync with the Podfile.lock. Run 'pod install' or update your CocoaPods installation.\" >&2\n    exit 1\nfi\n# This output is used by Xcode 'outputs' to avoid re-running this script phase.\necho \"SUCCESS\" > \"${SCRIPT_OUTPUT_FILE_0}\"\n";
			showEnvVarsInLog = 0;
		};
		E0FC523BD424C66B942DA0EE /* [CP] Embed Pods Frameworks */ = {
			isa = PBXShellScriptBuildPhase;
			buildActionMask = 2147483647;
			files = (
			);
			inputFileListPaths = (
				"${PODS_ROOT}/Target Support Files/Pods-Finance App/Pods-Finance App-frameworks-${CONFIGURATION}-input-files.xcfilelist",
			);
			name = "[CP] Embed Pods Frameworks";
			outputFileListPaths = (
				"${PODS_ROOT}/Target Support Files/Pods-Finance App/Pods-Finance App-frameworks-${CONFIGURATION}-output-files.xcfilelist",
			);
			runOnlyForDeploymentPostprocessing = 0;
			shellPath = /bin/sh;
			shellScript = "\"${PODS_ROOT}/Target Support Files/Pods-Finance App/Pods-Finance App-frameworks.sh\"\n";
			showEnvVarsInLog = 0;
		};
/* End PBXShellScriptBuildPhase section */

/* Begin PBXSourcesBuildPhase section */
		C0408D9C26B2F25300FE599F /* Sources */ = {
			isa = PBXSourcesBuildPhase;
			buildActionMask = 2147483647;
			files = (
				C0408DC426B318D900FE599F /* TransactionModel.swift in Sources */,
				C0408DBF26B30D2300FE599F /* TransactionData.swift in Sources */,
				C0408DAE26B2F25300FE599F /* Finance_App.xcdatamodeld in Sources */,
				C0408DBB26B2F8B200FE599F /* TransactionTableViewCell.swift in Sources */,
				C0408DC626B331A300FE599F /* SelectedTransactionViewController.swift in Sources */,
				C0408DC226B30ED100FE599F /* TransactionManager.swift in Sources */,
				C0408DA826B2F25300FE599F /* TransactionViewController.swift in Sources */,
				C0408DA426B2F25300FE599F /* AppDelegate.swift in Sources */,
				C0408DA626B2F25300FE599F /* SceneDelegate.swift in Sources */,
			);
			runOnlyForDeploymentPostprocessing = 0;
		};
/* End PBXSourcesBuildPhase section */

/* Begin PBXVariantGroup section */
		C0408DA926B2F25300FE599F /* Main.storyboard */ = {
			isa = PBXVariantGroup;
			children = (
				C0408DAA26B2F25300FE599F /* Base */,
			);
			name = Main.storyboard;
			sourceTree = "<group>";
		};
		C0408DB126B2F25500FE599F /* LaunchScreen.storyboard */ = {
			isa = PBXVariantGroup;
			children = (
				C0408DB226B2F25500FE599F /* Base */,
			);
			name = LaunchScreen.storyboard;
			sourceTree = "<group>";
		};
/* End PBXVariantGroup section */

/* Begin XCBuildConfiguration section */
		C0408DB526B2F25500FE599F /* Debug */ = {
			isa = XCBuildConfiguration;
			buildSettings = {
				ALWAYS_SEARCH_USER_PATHS = NO;
				CLANG_ANALYZER_NONNULL = YES;
				CLANG_ANALYZER_NUMBER_OBJECT_CONVERSION = YES_AGGRESSIVE;
				CLANG_CXX_LANGUAGE_STANDARD = "gnu++14";
				CLANG_CXX_LIBRARY = "libc++";
				CLANG_ENABLE_MODULES = YES;
				CLANG_ENABLE_OBJC_ARC = YES;
				CLANG_ENABLE_OBJC_WEAK = YES;
				CLANG_WARN_BLOCK_CAPTURE_AUTORELEASING = YES;
				CLANG_WARN_BOOL_CONVERSION = YES;
				CLANG_WARN_COMMA = YES;
				CLANG_WARN_CONSTANT_CONVERSION = YES;
				CLANG_WARN_DEPRECATED_OBJC_IMPLEMENTATIONS = YES;
				CLANG_WARN_DIRECT_OBJC_ISA_USAGE = YES_ERROR;
				CLANG_WARN_DOCUMENTATION_COMMENTS = YES;
				CLANG_WARN_EMPTY_BODY = YES;
				CLANG_WARN_ENUM_CONVERSION = YES;
				CLANG_WARN_INFINITE_RECURSION = YES;
				CLANG_WARN_INT_CONVERSION = YES;
				CLANG_WARN_NON_LITERAL_NULL_CONVERSION = YES;
				CLANG_WARN_OBJC_IMPLICIT_RETAIN_SELF = YES;
				CLANG_WARN_OBJC_LITERAL_CONVERSION = YES;
				CLANG_WARN_OBJC_ROOT_CLASS = YES_ERROR;
				CLANG_WARN_QUOTED_INCLUDE_IN_FRAMEWORK_HEADER = YES;
				CLANG_WARN_RANGE_LOOP_ANALYSIS = YES;
				CLANG_WARN_STRICT_PROTOTYPES = YES;
				CLANG_WARN_SUSPICIOUS_MOVE = YES;
				CLANG_WARN_UNGUARDED_AVAILABILITY = YES_AGGRESSIVE;
				CLANG_WARN_UNREACHABLE_CODE = YES;
				CLANG_WARN__DUPLICATE_METHOD_MATCH = YES;
				COPY_PHASE_STRIP = NO;
				DEBUG_INFORMATION_FORMAT = dwarf;
				ENABLE_STRICT_OBJC_MSGSEND = YES;
				ENABLE_TESTABILITY = YES;
				GCC_C_LANGUAGE_STANDARD = gnu11;
				GCC_DYNAMIC_NO_PIC = NO;
				GCC_NO_COMMON_BLOCKS = YES;
				GCC_OPTIMIZATION_LEVEL = 0;
				GCC_PREPROCESSOR_DEFINITIONS = (
					"DEBUG=1",
					"$(inherited)",
				);
				GCC_WARN_64_TO_32_BIT_CONVERSION = YES;
				GCC_WARN_ABOUT_RETURN_TYPE = YES_ERROR;
				GCC_WARN_UNDECLARED_SELECTOR = YES;
				GCC_WARN_UNINITIALIZED_AUTOS = YES_AGGRESSIVE;
				GCC_WARN_UNUSED_FUNCTION = YES;
				GCC_WARN_UNUSED_VARIABLE = YES;
				IPHONEOS_DEPLOYMENT_TARGET = 14.5;
				MTL_ENABLE_DEBUG_INFO = INCLUDE_SOURCE;
				MTL_FAST_MATH = YES;
				ONLY_ACTIVE_ARCH = YES;
				SDKROOT = iphoneos;
				SWIFT_ACTIVE_COMPILATION_CONDITIONS = DEBUG;
				SWIFT_OPTIMIZATION_LEVEL = "-Onone";
			};
			name = Debug;
		};
		C0408DB626B2F25500FE599F /* Release */ = {
			isa = XCBuildConfiguration;
			buildSettings = {
				ALWAYS_SEARCH_USER_PATHS = NO;
				CLANG_ANALYZER_NONNULL = YES;
				CLANG_ANALYZER_NUMBER_OBJECT_CONVERSION = YES_AGGRESSIVE;
				CLANG_CXX_LANGUAGE_STANDARD = "gnu++14";
				CLANG_CXX_LIBRARY = "libc++";
				CLANG_ENABLE_MODULES = YES;
				CLANG_ENABLE_OBJC_ARC = YES;
				CLANG_ENABLE_OBJC_WEAK = YES;
				CLANG_WARN_BLOCK_CAPTURE_AUTORELEASING = YES;
				CLANG_WARN_BOOL_CONVERSION = YES;
				CLANG_WARN_COMMA = YES;
				CLANG_WARN_CONSTANT_CONVERSION = YES;
				CLANG_WARN_DEPRECATED_OBJC_IMPLEMENTATIONS = YES;
				CLANG_WARN_DIRECT_OBJC_ISA_USAGE = YES_ERROR;
				CLANG_WARN_DOCUMENTATION_COMMENTS = YES;
				CLANG_WARN_EMPTY_BODY = YES;
				CLANG_WARN_ENUM_CONVERSION = YES;
				CLANG_WARN_INFINITE_RECURSION = YES;
				CLANG_WARN_INT_CONVERSION = YES;
				CLANG_WARN_NON_LITERAL_NULL_CONVERSION = YES;
				CLANG_WARN_OBJC_IMPLICIT_RETAIN_SELF = YES;
				CLANG_WARN_OBJC_LITERAL_CONVERSION = YES;
				CLANG_WARN_OBJC_ROOT_CLASS = YES_ERROR;
				CLANG_WARN_QUOTED_INCLUDE_IN_FRAMEWORK_HEADER = YES;
				CLANG_WARN_RANGE_LOOP_ANALYSIS = YES;
				CLANG_WARN_STRICT_PROTOTYPES = YES;
				CLANG_WARN_SUSPICIOUS_MOVE = YES;
				CLANG_WARN_UNGUARDED_AVAILABILITY = YES_AGGRESSIVE;
				CLANG_WARN_UNREACHABLE_CODE = YES;
				CLANG_WARN__DUPLICATE_METHOD_MATCH = YES;
				COPY_PHASE_STRIP = NO;
				DEBUG_INFORMATION_FORMAT = "dwarf-with-dsym";
				ENABLE_NS_ASSERTIONS = NO;
				ENABLE_STRICT_OBJC_MSGSEND = YES;
				GCC_C_LANGUAGE_STANDARD = gnu11;
				GCC_NO_COMMON_BLOCKS = YES;
				GCC_WARN_64_TO_32_BIT_CONVERSION = YES;
				GCC_WARN_ABOUT_RETURN_TYPE = YES_ERROR;
				GCC_WARN_UNDECLARED_SELECTOR = YES;
				GCC_WARN_UNINITIALIZED_AUTOS = YES_AGGRESSIVE;
				GCC_WARN_UNUSED_FUNCTION = YES;
				GCC_WARN_UNUSED_VARIABLE = YES;
				IPHONEOS_DEPLOYMENT_TARGET = 14.5;
				MTL_ENABLE_DEBUG_INFO = NO;
				MTL_FAST_MATH = YES;
				SDKROOT = iphoneos;
				SWIFT_COMPILATION_MODE = wholemodule;
				SWIFT_OPTIMIZATION_LEVEL = "-O";
				VALIDATE_PRODUCT = YES;
			};
			name = Release;
		};
		C0408DB826B2F25500FE599F /* Debug */ = {
			isa = XCBuildConfiguration;
			baseConfigurationReference = F3E2F89F0351DD1F0106CF56 /* Pods-Finance App.debug.xcconfig */;
			buildSettings = {
				ASSETCATALOG_COMPILER_APPICON_NAME = AppIcon;
				ASSETCATALOG_COMPILER_GLOBAL_ACCENT_COLOR_NAME = AccentColor;
				CODE_SIGN_STYLE = Automatic;
				DEVELOPMENT_TEAM = WRC4QXXN5V;
				INFOPLIST_FILE = "Finance App/Info.plist";
				LD_RUNPATH_SEARCH_PATHS = (
					"$(inherited)",
					"@executable_path/Frameworks",
				);
				PRODUCT_BUNDLE_IDENTIFIER = "Marie.Kallop.Finance-App";
				PRODUCT_NAME = "$(TARGET_NAME)";
				SWIFT_VERSION = 5.0;
				TARGETED_DEVICE_FAMILY = "1,2";
			};
			name = Debug;
		};
		C0408DB926B2F25500FE599F /* Release */ = {
			isa = XCBuildConfiguration;
			baseConfigurationReference = A94FFBD91D5E045D584DE1B9 /* Pods-Finance App.release.xcconfig */;
			buildSettings = {
				ASSETCATALOG_COMPILER_APPICON_NAME = AppIcon;
				ASSETCATALOG_COMPILER_GLOBAL_ACCENT_COLOR_NAME = AccentColor;
				CODE_SIGN_STYLE = Automatic;
				DEVELOPMENT_TEAM = WRC4QXXN5V;
				INFOPLIST_FILE = "Finance App/Info.plist";
				LD_RUNPATH_SEARCH_PATHS = (
					"$(inherited)",
					"@executable_path/Frameworks",
				);
				PRODUCT_BUNDLE_IDENTIFIER = "Marie.Kallop.Finance-App";
				PRODUCT_NAME = "$(TARGET_NAME)";
				SWIFT_VERSION = 5.0;
				TARGETED_DEVICE_FAMILY = "1,2";
			};
			name = Release;
		};
/* End XCBuildConfiguration section */

/* Begin XCConfigurationList section */
		C0408D9B26B2F25300FE599F /* Build configuration list for PBXProject "Finance App" */ = {
			isa = XCConfigurationList;
			buildConfigurations = (
				C0408DB526B2F25500FE599F /* Debug */,
				C0408DB626B2F25500FE599F /* Release */,
			);
			defaultConfigurationIsVisible = 0;
			defaultConfigurationName = Release;
		};
		C0408DB726B2F25500FE599F /* Build configuration list for PBXNativeTarget "Finance App" */ = {
			isa = XCConfigurationList;
			buildConfigurations = (
				C0408DB826B2F25500FE599F /* Debug */,
				C0408DB926B2F25500FE599F /* Release */,
			);
			defaultConfigurationIsVisible = 0;
			defaultConfigurationName = Release;
		};
/* End XCConfigurationList section */

/* Begin XCVersionGroup section */
		C0408DAC26B2F25300FE599F /* Finance_App.xcdatamodeld */ = {
			isa = XCVersionGroup;
			children = (
				C0408DAD26B2F25300FE599F /* Finance_App.xcdatamodel */,
			);
			currentVersion = C0408DAD26B2F25300FE599F /* Finance_App.xcdatamodel */;
			path = Finance_App.xcdatamodeld;
			sourceTree = "<group>";
			versionGroupType = wrapper.xcdatamodel;
		};
/* End XCVersionGroup section */
	};
	rootObject = C0408D9826B2F25300FE599F /* Project object */;
}
